
Microsoft Visual Studio Solution File, Format Version 12.00
# Visual Studio Version 17
VisualStudioVersion = 17.3.32825.248
MinimumVisualStudioVersion = 10.0.40219.1
Project("{FAE04EC0-301F-11D3-BF4B-00C04F79EFBC}") = "TOOP_3sem", "TOOP_3sem\TOOP_3sem.csproj", "{AB83BE84-7C0F-490B-8565-CC706297F752}"
EndProject
Global
	GlobalSection(SolutionConfigurationPlatforms) = preSolution
		Debug|Any CPU = Debug|Any CPU
		Release|Any CPU = Release|Any CPU
	EndGlobalSection
	GlobalSection(ProjectConfigurationPlatforms) = postSolution
		{AB83BE84-7C0F-490B-8565-CC706297F752}.Debug|Any CPU.ActiveCfg = Debug|Any CPU
		{AB83BE84-7C0F-490B-8565-CC706297F752}.Debug|Any CPU.Build.0 = Debug|Any CPU
		{AB83BE84-7C0F-490B-8565-CC706297F752}.Release|Any CPU.ActiveCfg = Release|Any CPU
		{AB83BE84-7C0F-490B-8565-CC706297F752}.Release|Any CPU.Build.0 = Release|Any CPU
	EndGlobalSection
	GlobalSection(SolutionProperties) = preSolution
		HideSolutionNode = FALSE
	EndGlobalSection
	GlobalSection(ExtensibilityGlobals) = postSolution
		SolutionGuid = {3D27C177-8A7A-4BB6-ACAB-C46493C09EA2}
	EndGlobalSection
EndGlobal
